// !$*UTF8*$!
{
	archiveVersion = 1;
	classes = {
	};
	objectVersion = 50;
	objects = {

/* Begin PBXBuildFile section */
		69B5E9352280161400A252AD /* AppDelegate.swift in Sources */ = {isa = PBXBuildFile; fileRef = 69B5E9342280161400A252AD /* AppDelegate.swift */; };
		69B5E9372280161400A252AD /* ViewController.swift in Sources */ = {isa = PBXBuildFile; fileRef = 69B5E9362280161400A252AD /* ViewController.swift */; };
		69B5E93A2280161400A252AD /* Main.storyboard in Resources */ = {isa = PBXBuildFile; fileRef = 69B5E9382280161400A252AD /* Main.storyboard */; };
		69B5E93C2280161600A252AD /* Assets.xcassets in Resources */ = {isa = PBXBuildFile; fileRef = 69B5E93B2280161600A252AD /* Assets.xcassets */; };
		69B5E93F2280161600A252AD /* LaunchScreen.storyboard in Resources */ = {isa = PBXBuildFile; fileRef = 69B5E93D2280161600A252AD /* LaunchScreen.storyboard */; };
		69B5E94A2280161600A252AD /* Calender_testTests.swift in Sources */ = {isa = PBXBuildFile; fileRef = 69B5E9492280161600A252AD /* Calender_testTests.swift */; };
		69B5E9552280161600A252AD /* Calender_testUITests.swift in Sources */ = {isa = PBXBuildFile; fileRef = 69B5E9542280161600A252AD /* Calender_testUITests.swift */; };
/* End PBXBuildFile section */

/* Begin PBXContainerItemProxy section */
		69B5E9462280161600A252AD /* PBXContainerItemProxy */ = {
			isa = PBXContainerItemProxy;
			containerPortal = 69B5E9292280161400A252AD /* Project object */;
			proxyType = 1;
			remoteGlobalIDString = 69B5E9302280161400A252AD;
			remoteInfo = Calender_test;
		};
		69B5E9512280161600A252AD /* PBXContainerItemProxy */ = {
			isa = PBXContainerItemProxy;
			containerPortal = 69B5E9292280161400A252AD /* Project object */;
			proxyType = 1;
			remoteGlobalIDString = 69B5E9302280161400A252AD;
			remoteInfo = Calender_test;
		};
/* End PBXContainerItemProxy section */

/* Begin PBXFileReference section */
		69B5E9312280161400A252AD /* Calender_test.app */ = {isa = PBXFileReference; explicitFileType = wrapper.application; includeInIndex = 0; path = Calender_test.app; sourceTree = BUILT_PRODUCTS_DIR; };
		69B5E9342280161400A252AD /* AppDelegate.swift */ = {isa = PBXFileReference; lastKnownFileType = sourcecode.swift; path = AppDelegate.swift; sourceTree = "<group>"; };
		69B5E9362280161400A252AD /* ViewController.swift */ = {isa = PBXFileReference; lastKnownFileType = sourcecode.swift; path = ViewController.swift; sourceTree = "<group>"; };
		69B5E9392280161400A252AD /* Base */ = {isa = PBXFileReference; lastKnownFileType = file.storyboard; name = Base; path = Base.lproj/Main.storyboard; sourceTree = "<group>"; };
		69B5E93B2280161600A252AD /* Assets.xcassets */ = {isa = PBXFileReference; lastKnownFileType = folder.assetcatalog; path = Assets.xcassets; sourceTree = "<group>"; };
		69B5E93E2280161600A252AD /* Base */ = {isa = PBXFileReference; lastKnownFileType = file.storyboard; name = Base; path = Base.lproj/LaunchScreen.storyboard; sourceTree = "<group>"; };
		69B5E9402280161600A252AD /* Info.plist */ = {isa = PBXFileReference; lastKnownFileType = text.plist.xml; path = Info.plist; sourceTree = "<group>"; };
		69B5E9452280161600A252AD /* Calender_testTests.xctest */ = {isa = PBXFileReference; explicitFileType = wrapper.cfbundle; includeInIndex = 0; path = Calender_testTests.xctest; sourceTree = BUILT_PRODUCTS_DIR; };
		69B5E9492280161600A252AD /* Calender_testTests.swift */ = {isa = PBXFileReference; lastKnownFileType = sourcecode.swift; path = Calender_testTests.swift; sourceTree = "<group>"; };
		69B5E94B2280161600A252AD /* Info.plist */ = {isa = PBXFileReference; lastKnownFileType = text.plist.xml; path = Info.plist; sourceTree = "<group>"; };
		69B5E9502280161600A252AD /* Calender_testUITests.xctest */ = {isa = PBXFileReference; explicitFileType = wrapper.cfbundle; includeInIndex = 0; path = Calender_testUITests.xctest; sourceTree = BUILT_PRODUCTS_DIR; };
		69B5E9542280161600A252AD /* Calender_testUITests.swift */ = {isa = PBXFileReference; lastKnownFileType = sourcecode.swift; path = Calender_testUITests.swift; sourceTree = "<group>"; };
		69B5E9562280161600A252AD /* Info.plist */ = {isa = PBXFileReference; lastKnownFileType = text.plist.xml; path = Info.plist; sourceTree = "<group>"; };
/* End PBXFileReference section */

/* Begin PBXFrameworksBuildPhase section */
		69B5E92E2280161400A252AD /* Frameworks */ = {
			isa = PBXFrameworksBuildPhase;
			buildActionMask = 2147483647;
			files = (
			);
			runOnlyForDeploymentPostprocessing = 0;
		};
		69B5E9422280161600A252AD /* Frameworks */ = {
			isa = PBXFrameworksBuildPhase;
			buildActionMask = 2147483647;
			files = (
			);
			runOnlyForDeploymentPostprocessing = 0;
		};
		69B5E94D2280161600A252AD /* Frameworks */ = {
			isa = PBXFrameworksBuildPhase;
			buildActionMask = 2147483647;
			files = (
			);
			runOnlyForDeploymentPostprocessing = 0;
		};
/* End PBXFrameworksBuildPhase section */

/* Begin PBXGroup section */
		69B5E9282280161400A252AD = {
			isa = PBXGroup;
			children = (
				69B5E9332280161400A252AD /* Calender_test */,
				69B5E9482280161600A252AD /* Calender_testTests */,
				69B5E9532280161600A252AD /* Calender_testUITests */,
				69B5E9322280161400A252AD /* Products */,
			);
			sourceTree = "<group>";
		};
		69B5E9322280161400A252AD /* Products */ = {
			isa = PBXGroup;
			children = (
				69B5E9312280161400A252AD /* Calender_test.app */,
				69B5E9452280161600A252AD /* Calender_testTests.xctest */,
				69B5E9502280161600A252AD /* Calender_testUITests.xctest */,
			);
			name = Products;
			sourceTree = "<group>";
		};
		69B5E9332280161400A252AD /* Calender_test */ = {
			isa = PBXGroup;
			children = (
				69B5E9342280161400A252AD /* AppDelegate.swift */,
				69B5E9362280161400A252AD /* ViewController.swift */,
				69B5E9382280161400A252AD /* Main.storyboard */,
				69B5E93B2280161600A252AD /* Assets.xcassets */,
				69B5E93D2280161600A252AD /* LaunchScreen.storyboard */,
				69B5E9402280161600A252AD /* Info.plist */,
			);
			path = Calender_test;
			sourceTree = "<group>";
		};
		69B5E9482280161600A252AD /* Calender_testTests */ = {
			isa = PBXGroup;
			children = (
				69B5E9492280161600A252AD /* Calender_testTests.swift */,
				69B5E94B2280161600A252AD /* Info.plist */,
			);
			path = Calender_testTests;
			sourceTree = "<group>";
		};
		69B5E9532280161600A252AD /* Calender_testUITests */ = {
			isa = PBXGroup;
			children = (
				69B5E9542280161600A252AD /* Calender_testUITests.swift */,
				69B5E9562280161600A252AD /* Info.plist */,
			);
			path = Calender_testUITests;
			sourceTree = "<group>";
		};
/* End PBXGroup section */

/* Begin PBXNativeTarget section */
		69B5E9302280161400A252AD /* Calender_test */ = {
			isa = PBXNativeTarget;
			buildConfigurationList = 69B5E9592280161600A252AD /* Build configuration list for PBXNativeTarget "Calender_test" */;
			buildPhases = (
				69B5E92D2280161400A252AD /* Sources */,
				69B5E92E2280161400A252AD /* Frameworks */,
				69B5E92F2280161400A252AD /* Resources */,
			);
			buildRules = (
			);
			dependencies = (
			);
			name = Calender_test;
			productName = Calender_test;
			productReference = 69B5E9312280161400A252AD /* Calender_test.app */;
			productType = "com.apple.product-type.application";
		};
		69B5E9442280161600A252AD /* Calender_testTests */ = {
			isa = PBXNativeTarget;
			buildConfigurationList = 69B5E95C2280161600A252AD /* Build configuration list for PBXNativeTarget "Calender_testTests" */;
			buildPhases = (
				69B5E9412280161600A252AD /* Sources */,
				69B5E9422280161600A252AD /* Frameworks */,
				69B5E9432280161600A252AD /* Resources */,
			);
			buildRules = (
			);
			dependencies = (
				69B5E9472280161600A252AD /* PBXTargetDependency */,
			);
			name = Calender_testTests;
			productName = Calender_testTests;
			productReference = 69B5E9452280161600A252AD /* Calender_testTests.xctest */;
			productType = "com.apple.product-type.bundle.unit-test";
		};
		69B5E94F2280161600A252AD /* Calender_testUITests */ = {
			isa = PBXNativeTarget;
			buildConfigurationList = 69B5E95F2280161600A252AD /* Build configuration list for PBXNativeTarget "Calender_testUITests" */;
			buildPhases = (
				69B5E94C2280161600A252AD /* Sources */,
				69B5E94D2280161600A252AD /* Frameworks */,
				69B5E94E2280161600A252AD /* Resources */,
			);
			buildRules = (
			);
			dependencies = (
				69B5E9522280161600A252AD /* PBXTargetDependency */,
			);
			name = Calender_testUITests;
			productName = Calender_testUITests;
			productReference = 69B5E9502280161600A252AD /* Calender_testUITests.xctest */;
			productType = "com.apple.product-type.bundle.ui-testing";
		};
/* End PBXNativeTarget section */

/* Begin PBXProject section */
		69B5E9292280161400A252AD /* Project object */ = {
			isa = PBXProject;
			attributes = {
				LastSwiftUpdateCheck = 1020;
				LastUpgradeCheck = 1020;
				ORGANIZATIONNAME = masappe;
				TargetAttributes = {
					69B5E9302280161400A252AD = {
						CreatedOnToolsVersion = 10.2.1;
					};
					69B5E9442280161600A252AD = {
						CreatedOnToolsVersion = 10.2.1;
						TestTargetID = 69B5E9302280161400A252AD;
					};
					69B5E94F2280161600A252AD = {
						CreatedOnToolsVersion = 10.2.1;
						TestTargetID = 69B5E9302280161400A252AD;
					};
				};
			};
			buildConfigurationList = 69B5E92C2280161400A252AD /* Build configuration list for PBXProject "Calender_test" */;
			compatibilityVersion = "Xcode 9.3";
			developmentRegion = en;
			hasScannedForEncodings = 0;
			knownRegions = (
				en,
				Base,
			);
			mainGroup = 69B5E9282280161400A252AD;
			productRefGroup = 69B5E9322280161400A252AD /* Products */;
			projectDirPath = "";
			projectRoot = "";
			targets = (
				69B5E9302280161400A252AD /* Calender_test */,
				69B5E9442280161600A252AD /* Calender_testTests */,
				69B5E94F2280161600A252AD /* Calender_testUITests */,
			);
		};
/* End PBXProject section */

/* Begin PBXResourcesBuildPhase section */
		69B5E92F2280161400A252AD /* Resources */ = {
			isa = PBXResourcesBuildPhase;
			buildActionMask = 2147483647;
			files = (
				69B5E93F2280161600A252AD /* LaunchScreen.storyboard in Resources */,
				69B5E93C2280161600A252AD /* Assets.xcassets in Resources */,
				69B5E93A2280161400A252AD /* Main.storyboard in Resources */,
			);
			runOnlyForDeploymentPostprocessing = 0;
		};
		69B5E9432280161600A252AD /* Resources */ = {
			isa = PBXResourcesBuildPhase;
			buildActionMask = 2147483647;
			files = (
			);
			runOnlyForDeploymentPostprocessing = 0;
		};
		69B5E94E2280161600A252AD /* Resources */ = {
			isa = PBXResourcesBuildPhase;
			buildActionMask = 2147483647;
			files = (
			);
			runOnlyForDeploymentPostprocessing = 0;
		};
/* End PBXResourcesBuildPhase section */

/* Begin PBXSourcesBuildPhase section */
		69B5E92D2280161400A252AD /* Sources */ = {
			isa = PBXSourcesBuildPhase;
			buildActionMask = 2147483647;
			files = (
				69B5E9372280161400A252AD /* ViewController.swift in Sources */,
				69B5E9352280161400A252AD /* AppDelegate.swift in Sources */,
			);
			runOnlyForDeploymentPostprocessing = 0;
		};
		69B5E9412280161600A252AD /* Sources */ = {
			isa = PBXSourcesBuildPhase;
			buildActionMask = 2147483647;
			files = (
				69B5E94A2280161600A252AD /* Calender_testTests.swift in Sources */,
			);
			runOnlyForDeploymentPostprocessing = 0;
		};
		69B5E94C2280161600A252AD /* Sources */ = {
			isa = PBXSourcesBuildPhase;
			buildActionMask = 2147483647;
			files = (
				69B5E9552280161600A252AD /* Calender_testUITests.swift in Sources */,
			);
			runOnlyForDeploymentPostprocessing = 0;
		};
/* End PBXSourcesBuildPhase section */

/* Begin PBXTargetDependency section */
		69B5E9472280161600A252AD /* PBXTargetDependency */ = {
			isa = PBXTargetDependency;
			target = 69B5E9302280161400A252AD /* Calender_test */;
			targetProxy = 69B5E9462280161600A252AD /* PBXContainerItemProxy */;
		};
		69B5E9522280161600A252AD /* PBXTargetDependency */ = {
			isa = PBXTargetDependency;
			target = 69B5E9302280161400A252AD /* Calender_test */;
			targetProxy = 69B5E9512280161600A252AD /* PBXContainerItemProxy */;
		};
/* End PBXTargetDependency section */

/* Begin PBXVariantGroup section */
		69B5E9382280161400A252AD /* Main.storyboard */ = {
			isa = PBXVariantGroup;
			children = (
				69B5E9392280161400A252AD /* Base */,
			);
			name = Main.storyboard;
			sourceTree = "<group>";
		};
		69B5E93D2280161600A252AD /* LaunchScreen.storyboard */ = {
			isa = PBXVariantGroup;
			children = (
				69B5E93E2280161600A252AD /* Base */,
			);
			name = LaunchScreen.storyboard;
			sourceTree = "<group>";
		};
/* End PBXVariantGroup section */

/* Begin XCBuildConfiguration section */
		69B5E9572280161600A252AD /* Debug */ = {
			isa = XCBuildConfiguration;
			buildSettings = {
				ALWAYS_SEARCH_USER_PATHS = NO;
				CLANG_ANALYZER_NONNULL = YES;
				CLANG_ANALYZER_NUMBER_OBJECT_CONVERSION = YES_AGGRESSIVE;
				CLANG_CXX_LANGUAGE_STANDARD = "gnu++14";
				CLANG_CXX_LIBRARY = "libc++";
				CLANG_ENABLE_MODULES = YES;
				CLANG_ENABLE_OBJC_ARC = YES;
				CLANG_ENABLE_OBJC_WEAK = YES;
				CLANG_WARN_BLOCK_CAPTURE_AUTORELEASING = YES;
				CLANG_WARN_BOOL_CONVERSION = YES;
				CLANG_WARN_COMMA = YES;
				CLANG_WARN_CONSTANT_CONVERSION = YES;
				CLANG_WARN_DEPRECATED_OBJC_IMPLEMENTATIONS = YES;
				CLANG_WARN_DIRECT_OBJC_ISA_USAGE = YES_ERROR;
				CLANG_WARN_DOCUMENTATION_COMMENTS = YES;
				CLANG_WARN_EMPTY_BODY = YES;
				CLANG_WARN_ENUM_CONVERSION = YES;
				CLANG_WARN_INFINITE_RECURSION = YES;
				CLANG_WARN_INT_CONVERSION = YES;
				CLANG_WARN_NON_LITERAL_NULL_CONVERSION = YES;
				CLANG_WARN_OBJC_IMPLICIT_RETAIN_SELF = YES;
				CLANG_WARN_OBJC_LITERAL_CONVERSION = YES;
				CLANG_WARN_OBJC_ROOT_CLASS = YES_ERROR;
				CLANG_WARN_RANGE_LOOP_ANALYSIS = YES;
				CLANG_WARN_STRICT_PROTOTYPES = YES;
				CLANG_WARN_SUSPICIOUS_MOVE = YES;
				CLANG_WARN_UNGUARDED_AVAILABILITY = YES_AGGRESSIVE;
				CLANG_WARN_UNREACHABLE_CODE = YES;
				CLANG_WARN__DUPLICATE_METHOD_MATCH = YES;
				CODE_SIGN_IDENTITY = "iPhone Developer";
				COPY_PHASE_STRIP = NO;
				DEBUG_INFORMATION_FORMAT = dwarf;
				ENABLE_STRICT_OBJC_MSGSEND = YES;
				ENABLE_TESTABILITY = YES;
				GCC_C_LANGUAGE_STANDARD = gnu11;
				GCC_DYNAMIC_NO_PIC = NO;
				GCC_NO_COMMON_BLOCKS = YES;
				GCC_OPTIMIZATION_LEVEL = 0;
				GCC_PREPROCESSOR_DEFINITIONS = (
					"DEBUG=1",
					"$(inherited)",
				);
				GCC_WARN_64_TO_32_BIT_CONVERSION = YES;
				GCC_WARN_ABOUT_RETURN_TYPE = YES_ERROR;
				GCC_WARN_UNDECLARED_SELECTOR = YES;
				GCC_WARN_UNINITIALIZED_AUTOS = YES_AGGRESSIVE;
				GCC_WARN_UNUSED_FUNCTION = YES;
				GCC_WARN_UNUSED_VARIABLE = YES;
				IPHONEOS_DEPLOYMENT_TARGET = 12.2;
				MTL_ENABLE_DEBUG_INFO = INCLUDE_SOURCE;
				MTL_FAST_MATH = YES;
				ONLY_ACTIVE_ARCH = YES;
				SDKROOT = iphoneos;
				SWIFT_ACTIVE_COMPILATION_CONDITIONS = DEBUG;
				SWIFT_OPTIMIZATION_LEVEL = "-Onone";
			};
			name = Debug;
		};
		69B5E9582280161600A252AD /* Release */ = {
			isa = XCBuildConfiguration;
			buildSettings = {
				ALWAYS_SEARCH_USER_PATHS = NO;
				CLANG_ANALYZER_NONNULL = YES;
				CLANG_ANALYZER_NUMBER_OBJECT_CONVERSION = YES_AGGRESSIVE;
				CLANG_CXX_LANGUAGE_STANDARD = "gnu++14";
				CLANG_CXX_LIBRARY = "libc++";
				CLANG_ENABLE_MODULES = YES;
				CLANG_ENABLE_OBJC_ARC = YES;
				CLANG_ENABLE_OBJC_WEAK = YES;
				CLANG_WARN_BLOCK_CAPTURE_AUTORELEASING = YES;
				CLANG_WARN_BOOL_CONVERSION = YES;
				CLANG_WARN_COMMA = YES;
				CLANG_WARN_CONSTANT_CONVERSION = YES;
				CLANG_WARN_DEPRECATED_OBJC_IMPLEMENTATIONS = YES;
				CLANG_WARN_DIRECT_OBJC_ISA_USAGE = YES_ERROR;
				CLANG_WARN_DOCUMENTATION_COMMENTS = YES;
				CLANG_WARN_EMPTY_BODY = YES;
				CLANG_WARN_ENUM_CONVERSION = YES;
				CLANG_WARN_INFINITE_RECURSION = YES;
				CLANG_WARN_INT_CONVERSION = YES;
				CLANG_WARN_NON_LITERAL_NULL_CONVERSION = YES;
				CLANG_WARN_OBJC_IMPLICIT_RETAIN_SELF = YES;
				CLANG_WARN_OBJC_LITERAL_CONVERSION = YES;
				CLANG_WARN_OBJC_ROOT_CLASS = YES_ERROR;
				CLANG_WARN_RANGE_LOOP_ANALYSIS = YES;
				CLANG_WARN_STRICT_PROTOTYPES = YES;
				CLANG_WARN_SUSPICIOUS_MOVE = YES;
				CLANG_WARN_UNGUARDED_AVAILABILITY = YES_AGGRESSIVE;
				CLANG_WARN_UNREACHABLE_CODE = YES;
				CLANG_WARN__DUPLICATE_METHOD_MATCH = YES;
				CODE_SIGN_IDENTITY = "iPhone Developer";
				COPY_PHASE_STRIP = NO;
				DEBUG_INFORMATION_FORMAT = "dwarf-with-dsym";
				ENABLE_NS_ASSERTIONS = NO;
				ENABLE_STRICT_OBJC_MSGSEND = YES;
				GCC_C_LANGUAGE_STANDARD = gnu11;
				GCC_NO_COMMON_BLOCKS = YES;
				GCC_WARN_64_TO_32_BIT_CONVERSION = YES;
				GCC_WARN_ABOUT_RETURN_TYPE = YES_ERROR;
				GCC_WARN_UNDECLARED_SELECTOR = YES;
				GCC_WARN_UNINITIALIZED_AUTOS = YES_AGGRESSIVE;
				GCC_WARN_UNUSED_FUNCTION = YES;
				GCC_WARN_UNUSED_VARIABLE = YES;
				IPHONEOS_DEPLOYMENT_TARGET = 12.2;
				MTL_ENABLE_DEBUG_INFO = NO;
				MTL_FAST_MATH = YES;
				SDKROOT = iphoneos;
				SWIFT_COMPILATION_MODE = wholemodule;
				SWIFT_OPTIMIZATION_LEVEL = "-O";
				VALIDATE_PRODUCT = YES;
			};
			name = Release;
		};
		69B5E95A2280161600A252AD /* Debug */ = {
			isa = XCBuildConfiguration;
			buildSettings = {
				ASSETCATALOG_COMPILER_APPICON_NAME = AppIcon;
				CODE_SIGN_STYLE = Automatic;
				DEVELOPMENT_TEAM = AN5V8WJ3QR;
				INFOPLIST_FILE = Calender_test/Info.plist;
				LD_RUNPATH_SEARCH_PATHS = (
					"$(inherited)",
					"@executable_path/Frameworks",
				);
				PRODUCT_BUNDLE_IDENTIFIER = "jp.ac.masappe.Calender-test";
				PRODUCT_NAME = "$(TARGET_NAME)";
				SWIFT_VERSION = 5.0;
				TARGETED_DEVICE_FAMILY = "1,2";
			};
			name = Debug;
		};
		69B5E95B2280161600A252AD /* Release */ = {
			isa = XCBuildConfiguration;
			buildSettings = {
				ASSETCATALOG_COMPILER_APPICON_NAME = AppIcon;
				CODE_SIGN_STYLE = Automatic;
				DEVELOPMENT_TEAM = AN5V8WJ3QR;
				INFOPLIST_FILE = Calender_test/Info.plist;
				LD_RUNPATH_SEARCH_PATHS = (
					"$(inherited)",
					"@executable_path/Frameworks",
				);
				PRODUCT_BUNDLE_IDENTIFIER = "jp.ac.masappe.Calender-test";
				PRODUCT_NAME = "$(TARGET_NAME)";
				SWIFT_VERSION = 5.0;
				TARGETED_DEVICE_FAMILY = "1,2";
			};
			name = Release;
		};
		69B5E95D2280161600A252AD /* Debug */ = {
			isa = XCBuildConfiguration;
			buildSettings = {
				ALWAYS_EMBED_SWIFT_STANDARD_LIBRARIES = YES;
				BUNDLE_LOADER = "$(TEST_HOST)";
				CODE_SIGN_STYLE = Automatic;
				DEVELOPMENT_TEAM = AN5V8WJ3QR;
				INFOPLIST_FILE = Calender_testTests/Info.plist;
				LD_RUNPATH_SEARCH_PATHS = (
					"$(inherited)",
					"@executable_path/Frameworks",
					"@loader_path/Frameworks",
				);
				PRODUCT_BUNDLE_IDENTIFIER = "jp.ac.masappe.Calender-testTests";
				PRODUCT_NAME = "$(TARGET_NAME)";
				SWIFT_VERSION = 5.0;
				TARGETED_DEVICE_FAMILY = "1,2";
				TEST_HOST = "$(BUILT_PRODUCTS_DIR)/Calender_test.app/Calender_test";
			};
			name = Debug;
		};
		69B5E95E2280161600A252AD /* Release */ = {
			isa = XCBuildConfiguration;
			buildSettings = {
				ALWAYS_EMBED_SWIFT_STANDARD_LIBRARIES = YES;
				BUNDLE_LOADER = "$(TEST_HOST)";
				CODE_SIGN_STYLE = Automatic;
				DEVELOPMENT_TEAM = AN5V8WJ3QR;
				INFOPLIST_FILE = Calender_testTests/Info.plist;
				LD_RUNPATH_SEARCH_PATHS = (
					"$(inherited)",
					"@executable_path/Frameworks",
					"@loader_path/Frameworks",
				);
				PRODUCT_BUNDLE_IDENTIFIER = "jp.ac.masappe.Calender-testTests";
				PRODUCT_NAME = "$(TARGET_NAME)";
				SWIFT_VERSION = 5.0;
				TARGETED_DEVICE_FAMILY = "1,2";
				TEST_HOST = "$(BUILT_PRODUCTS_DIR)/Calender_test.app/Calender_test";
			};
			name = Release;
		};
		69B5E9602280161600A252AD /* Debug */ = {
			isa = XCBuildConfiguration;
			buildSettings = {
				ALWAYS_EMBED_SWIFT_STANDARD_LIBRARIES = YES;
				CODE_SIGN_STYLE = Automatic;
				DEVELOPMENT_TEAM = AN5V8WJ3QR;
				INFOPLIST_FILE = Calender_testUITests/Info.plist;
				LD_RUNPATH_SEARCH_PATHS = (
					"$(inherited)",
					"@executable_path/Frameworks",
					"@loader_path/Frameworks",
				);
				PRODUCT_BUNDLE_IDENTIFIER = "jp.ac.masappe.Calender-testUITests";
				PRODUCT_NAME = "$(TARGET_NAME)";
				SWIFT_VERSION = 5.0;
				TARGETED_DEVICE_FAMILY = "1,2";
				TEST_TARGET_NAME = Calender_test;
			};
			name = Debug;
		};
		69B5E9612280161600A252AD /* Release */ = {
			isa = XCBuildConfiguration;
			buildSettings = {
				ALWAYS_EMBED_SWIFT_STANDARD_LIBRARIES = YES;
				CODE_SIGN_STYLE = Automatic;
				DEVELOPMENT_TEAM = AN5V8WJ3QR;
				INFOPLIST_FILE = Calender_testUITests/Info.plist;
				LD_RUNPATH_SEARCH_PATHS = (
					"$(inherited)",
					"@executable_path/Frameworks",
					"@loader_path/Frameworks",
				);
				PRODUCT_BUNDLE_IDENTIFIER = "jp.ac.masappe.Calender-testUITests";
				PRODUCT_NAME = "$(TARGET_NAME)";
				SWIFT_VERSION = 5.0;
				TARGETED_DEVICE_FAMILY = "1,2";
				TEST_TARGET_NAME = Calender_test;
			};
			name = Release;
		};
/* End XCBuildConfiguration section */

/* Begin XCConfigurationList section */
		69B5E92C2280161400A252AD /* Build configuration list for PBXProject "Calender_test" */ = {
			isa = XCConfigurationList;
			buildConfigurations = (
				69B5E9572280161600A252AD /* Debug */,
				69B5E9582280161600A252AD /* Release */,
			);
			defaultConfigurationIsVisible = 0;
			defaultConfigurationName = Release;
		};
		69B5E9592280161600A252AD /* Build configuration list for PBXNativeTarget "Calender_test" */ = {
			isa = XCConfigurationList;
			buildConfigurations = (
				69B5E95A2280161600A252AD /* Debug */,
				69B5E95B2280161600A252AD /* Release */,
			);
			defaultConfigurationIsVisible = 0;
			defaultConfigurationName = Release;
		};
		69B5E95C2280161600A252AD /* Build configuration list for PBXNativeTarget "Calender_testTests" */ = {
			isa = XCConfigurationList;
			buildConfigurations = (
				69B5E95D2280161600A252AD /* Debug */,
				69B5E95E2280161600A252AD /* Release */,
			);
			defaultConfigurationIsVisible = 0;
			defaultConfigurationName = Release;
		};
		69B5E95F2280161600A252AD /* Build configuration list for PBXNativeTarget "Calender_testUITests" */ = {
			isa = XCConfigurationList;
			buildConfigurations = (
				69B5E9602280161600A252AD /* Debug */,
				69B5E9612280161600A252AD /* Release */,
			);
			defaultConfigurationIsVisible = 0;
			defaultConfigurationName = Release;
		};
/* End XCConfigurationList section */
	};
	rootObject = 69B5E9292280161400A252AD /* Project object */;
}
